// !$*UTF8*$!
{
	archiveVersion = 1;
	classes = {
	};
	objectVersion = 48;
	objects = {

/* Begin PBXBuildFile section */
		1C65AD741F905886003FCBD5 /* AppDelegate.swift in Sources */ = {isa = PBXBuildFile; fileRef = 1C65AD731F905886003FCBD5 /* AppDelegate.swift */; };
		1C65AD761F905886003FCBD5 /* ViewController.swift in Sources */ = {isa = PBXBuildFile; fileRef = 1C65AD751F905886003FCBD5 /* ViewController.swift */; };
		1C65AD791F905886003FCBD5 /* Main.storyboard in Resources */ = {isa = PBXBuildFile; fileRef = 1C65AD771F905886003FCBD5 /* Main.storyboard */; };
		1C65AD7B1F905886003FCBD5 /* Assets.xcassets in Resources */ = {isa = PBXBuildFile; fileRef = 1C65AD7A1F905886003FCBD5 /* Assets.xcassets */; };
		1C65AD7E1F905886003FCBD5 /* LaunchScreen.storyboard in Resources */ = {isa = PBXBuildFile; fileRef = 1C65AD7C1F905886003FCBD5 /* LaunchScreen.storyboard */; };
		1C65AD891F905886003FCBD5 /* XBPageViewTests.swift in Sources */ = {isa = PBXBuildFile; fileRef = 1C65AD881F905886003FCBD5 /* XBPageViewTests.swift */; };
		1C65AD941F905886003FCBD5 /* XBPageViewUITests.swift in Sources */ = {isa = PBXBuildFile; fileRef = 1C65AD931F905886003FCBD5 /* XBPageViewUITests.swift */; };
		1C65ADA41F905B48003FCBD5 /* XBTitleView.swift in Sources */ = {isa = PBXBuildFile; fileRef = 1C65ADA31F905B48003FCBD5 /* XBTitleView.swift */; };
		1C65ADA61F905BAB003FCBD5 /* XBStayle.swift in Sources */ = {isa = PBXBuildFile; fileRef = 1C65ADA51F905BAB003FCBD5 /* XBStayle.swift */; };
		1C65ADA81F906126003FCBD5 /* XBPageView.swift in Sources */ = {isa = PBXBuildFile; fileRef = 1C65ADA71F906126003FCBD5 /* XBPageView.swift */; };
		1C65ADAA1F906139003FCBD5 /* XBContentView.swift in Sources */ = {isa = PBXBuildFile; fileRef = 1C65ADA91F906139003FCBD5 /* XBContentView.swift */; };
		1C65ADAC1F906FA4003FCBD5 /* ColorExtention.swift in Sources */ = {isa = PBXBuildFile; fileRef = 1C65ADAB1F906FA4003FCBD5 /* ColorExtention.swift */; };
/* End PBXBuildFile section */

/* Begin PBXContainerItemProxy section */
		1C65AD851F905886003FCBD5 /* PBXContainerItemProxy */ = {
			isa = PBXContainerItemProxy;
			containerPortal = 1C65AD681F905886003FCBD5 /* Project object */;
			proxyType = 1;
			remoteGlobalIDString = 1C65AD6F1F905886003FCBD5;
			remoteInfo = XBPageView;
		};
		1C65AD901F905886003FCBD5 /* PBXContainerItemProxy */ = {
			isa = PBXContainerItemProxy;
			containerPortal = 1C65AD681F905886003FCBD5 /* Project object */;
			proxyType = 1;
			remoteGlobalIDString = 1C65AD6F1F905886003FCBD5;
			remoteInfo = XBPageView;
		};
/* End PBXContainerItemProxy section */

/* Begin PBXFileReference section */
		1C65AD701F905886003FCBD5 /* XBPageView.app */ = {isa = PBXFileReference; explicitFileType = wrapper.application; includeInIndex = 0; path = XBPageView.app; sourceTree = BUILT_PRODUCTS_DIR; };
		1C65AD731F905886003FCBD5 /* AppDelegate.swift */ = {isa = PBXFileReference; lastKnownFileType = sourcecode.swift; path = AppDelegate.swift; sourceTree = "<group>"; };
		1C65AD751F905886003FCBD5 /* ViewController.swift */ = {isa = PBXFileReference; lastKnownFileType = sourcecode.swift; path = ViewController.swift; sourceTree = "<group>"; };
		1C65AD781F905886003FCBD5 /* Base */ = {isa = PBXFileReference; lastKnownFileType = file.storyboard; name = Base; path = Base.lproj/Main.storyboard; sourceTree = "<group>"; };
		1C65AD7A1F905886003FCBD5 /* Assets.xcassets */ = {isa = PBXFileReference; lastKnownFileType = folder.assetcatalog; path = Assets.xcassets; sourceTree = "<group>"; };
		1C65AD7D1F905886003FCBD5 /* Base */ = {isa = PBXFileReference; lastKnownFileType = file.storyboard; name = Base; path = Base.lproj/LaunchScreen.storyboard; sourceTree = "<group>"; };
		1C65AD7F1F905886003FCBD5 /* Info.plist */ = {isa = PBXFileReference; lastKnownFileType = text.plist.xml; path = Info.plist; sourceTree = "<group>"; };
		1C65AD841F905886003FCBD5 /* XBPageViewTests.xctest */ = {isa = PBXFileReference; explicitFileType = wrapper.cfbundle; includeInIndex = 0; path = XBPageViewTests.xctest; sourceTree = BUILT_PRODUCTS_DIR; };
		1C65AD881F905886003FCBD5 /* XBPageViewTests.swift */ = {isa = PBXFileReference; lastKnownFileType = sourcecode.swift; path = XBPageViewTests.swift; sourceTree = "<group>"; };
		1C65AD8A1F905886003FCBD5 /* Info.plist */ = {isa = PBXFileReference; lastKnownFileType = text.plist.xml; path = Info.plist; sourceTree = "<group>"; };
		1C65AD8F1F905886003FCBD5 /* XBPageViewUITests.xctest */ = {isa = PBXFileReference; explicitFileType = wrapper.cfbundle; includeInIndex = 0; path = XBPageViewUITests.xctest; sourceTree = BUILT_PRODUCTS_DIR; };
		1C65AD931F905886003FCBD5 /* XBPageViewUITests.swift */ = {isa = PBXFileReference; lastKnownFileType = sourcecode.swift; path = XBPageViewUITests.swift; sourceTree = "<group>"; };
		1C65AD951F905886003FCBD5 /* Info.plist */ = {isa = PBXFileReference; lastKnownFileType = text.plist.xml; path = Info.plist; sourceTree = "<group>"; };
		1C65ADA31F905B48003FCBD5 /* XBTitleView.swift */ = {isa = PBXFileReference; lastKnownFileType = sourcecode.swift; path = XBTitleView.swift; sourceTree = "<group>"; };
		1C65ADA51F905BAB003FCBD5 /* XBStayle.swift */ = {isa = PBXFileReference; lastKnownFileType = sourcecode.swift; path = XBStayle.swift; sourceTree = "<group>"; };
		1C65ADA71F906126003FCBD5 /* XBPageView.swift */ = {isa = PBXFileReference; lastKnownFileType = sourcecode.swift; path = XBPageView.swift; sourceTree = "<group>"; };
		1C65ADA91F906139003FCBD5 /* XBContentView.swift */ = {isa = PBXFileReference; lastKnownFileType = sourcecode.swift; path = XBContentView.swift; sourceTree = "<group>"; };
		1C65ADAB1F906FA4003FCBD5 /* ColorExtention.swift */ = {isa = PBXFileReference; lastKnownFileType = sourcecode.swift; path = ColorExtention.swift; sourceTree = "<group>"; };
/* End PBXFileReference section */

/* Begin PBXFrameworksBuildPhase section */
		1C65AD6D1F905886003FCBD5 /* Frameworks */ = {
			isa = PBXFrameworksBuildPhase;
			buildActionMask = 2147483647;
			files = (
			);
			runOnlyForDeploymentPostprocessing = 0;
		};
		1C65AD811F905886003FCBD5 /* Frameworks */ = {
			isa = PBXFrameworksBuildPhase;
			buildActionMask = 2147483647;
			files = (
			);
			runOnlyForDeploymentPostprocessing = 0;
		};
		1C65AD8C1F905886003FCBD5 /* Frameworks */ = {
			isa = PBXFrameworksBuildPhase;
			buildActionMask = 2147483647;
			files = (
			);
			runOnlyForDeploymentPostprocessing = 0;
		};
/* End PBXFrameworksBuildPhase section */

/* Begin PBXGroup section */
		1C65AD671F905886003FCBD5 = {
			isa = PBXGroup;
			children = (
				1C65AD721F905886003FCBD5 /* XBPageView */,
				1C65AD871F905886003FCBD5 /* XBPageViewTests */,
				1C65AD921F905886003FCBD5 /* XBPageViewUITests */,
				1C65AD711F905886003FCBD5 /* Products */,
			);
			sourceTree = "<group>";
		};
		1C65AD711F905886003FCBD5 /* Products */ = {
			isa = PBXGroup;
			children = (
				1C65AD701F905886003FCBD5 /* XBPageView.app */,
				1C65AD841F905886003FCBD5 /* XBPageViewTests.xctest */,
				1C65AD8F1F905886003FCBD5 /* XBPageViewUITests.xctest */,
			);
			name = Products;
			sourceTree = "<group>";
		};
		1C65AD721F905886003FCBD5 /* XBPageView */ = {
			isa = PBXGroup;
			children = (
				1C65ADA11F905B2E003FCBD5 /* Class */,
				1C65AD731F905886003FCBD5 /* AppDelegate.swift */,
				1C65AD751F905886003FCBD5 /* ViewController.swift */,
				1C65AD771F905886003FCBD5 /* Main.storyboard */,
				1C65AD7A1F905886003FCBD5 /* Assets.xcassets */,
				1C65AD7C1F905886003FCBD5 /* LaunchScreen.storyboard */,
				1C65AD7F1F905886003FCBD5 /* Info.plist */,
				1C65ADAB1F906FA4003FCBD5 /* ColorExtention.swift */,
			);
			path = XBPageView;
			sourceTree = "<group>";
		};
		1C65AD871F905886003FCBD5 /* XBPageViewTests */ = {
			isa = PBXGroup;
			children = (
				1C65AD881F905886003FCBD5 /* XBPageViewTests.swift */,
				1C65AD8A1F905886003FCBD5 /* Info.plist */,
			);
			path = XBPageViewTests;
			sourceTree = "<group>";
		};
		1C65AD921F905886003FCBD5 /* XBPageViewUITests */ = {
			isa = PBXGroup;
			children = (
				1C65AD931F905886003FCBD5 /* XBPageViewUITests.swift */,
				1C65AD951F905886003FCBD5 /* Info.plist */,
			);
			path = XBPageViewUITests;
			sourceTree = "<group>";
		};
		1C65ADA11F905B2E003FCBD5 /* Class */ = {
			isa = PBXGroup;
			children = (
				1C65ADA21F905B2E003FCBD5 /* XBPageView */,
			);
			path = Class;
			sourceTree = "<group>";
		};
		1C65ADA21F905B2E003FCBD5 /* XBPageView */ = {
			isa = PBXGroup;
			children = (
				1C65ADA71F906126003FCBD5 /* XBPageView.swift */,
				1C65ADA51F905BAB003FCBD5 /* XBStayle.swift */,
				1C65ADA31F905B48003FCBD5 /* XBTitleView.swift */,
				1C65ADA91F906139003FCBD5 /* XBContentView.swift */,
			);
			path = XBPageView;
			sourceTree = "<group>";
		};
/* End PBXGroup section */

/* Begin PBXNativeTarget section */
		1C65AD6F1F905886003FCBD5 /* XBPageView */ = {
			isa = PBXNativeTarget;
			buildConfigurationList = 1C65AD981F905886003FCBD5 /* Build configuration list for PBXNativeTarget "XBPageView" */;
			buildPhases = (
				1C65AD6C1F905886003FCBD5 /* Sources */,
				1C65AD6D1F905886003FCBD5 /* Frameworks */,
				1C65AD6E1F905886003FCBD5 /* Resources */,
			);
			buildRules = (
			);
			dependencies = (
			);
			name = XBPageView;
			productName = XBPageView;
			productReference = 1C65AD701F905886003FCBD5 /* XBPageView.app */;
			productType = "com.apple.product-type.application";
		};
		1C65AD831F905886003FCBD5 /* XBPageViewTests */ = {
			isa = PBXNativeTarget;
			buildConfigurationList = 1C65AD9B1F905886003FCBD5 /* Build configuration list for PBXNativeTarget "XBPageViewTests" */;
			buildPhases = (
				1C65AD801F905886003FCBD5 /* Sources */,
				1C65AD811F905886003FCBD5 /* Frameworks */,
				1C65AD821F905886003FCBD5 /* Resources */,
			);
			buildRules = (
			);
			dependencies = (
				1C65AD861F905886003FCBD5 /* PBXTargetDependency */,
			);
			name = XBPageViewTests;
			productName = XBPageViewTests;
			productReference = 1C65AD841F905886003FCBD5 /* XBPageViewTests.xctest */;
			productType = "com.apple.product-type.bundle.unit-test";
		};
		1C65AD8E1F905886003FCBD5 /* XBPageViewUITests */ = {
			isa = PBXNativeTarget;
			buildConfigurationList = 1C65AD9E1F905886003FCBD5 /* Build configuration list for PBXNativeTarget "XBPageViewUITests" */;
			buildPhases = (
				1C65AD8B1F905886003FCBD5 /* Sources */,
				1C65AD8C1F905886003FCBD5 /* Frameworks */,
				1C65AD8D1F905886003FCBD5 /* Resources */,
			);
			buildRules = (
			);
			dependencies = (
				1C65AD911F905886003FCBD5 /* PBXTargetDependency */,
			);
			name = XBPageViewUITests;
			productName = XBPageViewUITests;
			productReference = 1C65AD8F1F905886003FCBD5 /* XBPageViewUITests.xctest */;
			productType = "com.apple.product-type.bundle.ui-testing";
		};
/* End PBXNativeTarget section */

/* Begin PBXProject section */
		1C65AD681F905886003FCBD5 /* Project object */ = {
			isa = PBXProject;
			attributes = {
				LastSwiftUpdateCheck = 0900;
				LastUpgradeCheck = 0900;
				ORGANIZATIONNAME = lianluohudong.com;
				TargetAttributes = {
					1C65AD6F1F905886003FCBD5 = {
						CreatedOnToolsVersion = 9.0;
						ProvisioningStyle = Automatic;
					};
					1C65AD831F905886003FCBD5 = {
						CreatedOnToolsVersion = 9.0;
						ProvisioningStyle = Automatic;
						TestTargetID = 1C65AD6F1F905886003FCBD5;
					};
					1C65AD8E1F905886003FCBD5 = {
						CreatedOnToolsVersion = 9.0;
						ProvisioningStyle = Automatic;
						TestTargetID = 1C65AD6F1F905886003FCBD5;
					};
				};
			};
			buildConfigurationList = 1C65AD6B1F905886003FCBD5 /* Build configuration list for PBXProject "XBPageView" */;
			compatibilityVersion = "Xcode 8.0";
			developmentRegion = en;
			hasScannedForEncodings = 0;
			knownRegions = (
				en,
				Base,
			);
			mainGroup = 1C65AD671F905886003FCBD5;
			productRefGroup = 1C65AD711F905886003FCBD5 /* Products */;
			projectDirPath = "";
			projectRoot = "";
			targets = (
				1C65AD6F1F905886003FCBD5 /* XBPageView */,
				1C65AD831F905886003FCBD5 /* XBPageViewTests */,
				1C65AD8E1F905886003FCBD5 /* XBPageViewUITests */,
			);
		};
/* End PBXProject section */

/* Begin PBXResourcesBuildPhase section */
		1C65AD6E1F905886003FCBD5 /* Resources */ = {
			isa = PBXResourcesBuildPhase;
			buildActionMask = 2147483647;
			files = (
				1C65AD7E1F905886003FCBD5 /* LaunchScreen.storyboard in Resources */,
				1C65AD7B1F905886003FCBD5 /* Assets.xcassets in Resources */,
				1C65AD791F905886003FCBD5 /* Main.storyboard in Resources */,
			);
			runOnlyForDeploymentPostprocessing = 0;
		};
		1C65AD821F905886003FCBD5 /* Resources */ = {
			isa = PBXResourcesBuildPhase;
			buildActionMask = 2147483647;
			files = (
			);
			runOnlyForDeploymentPostprocessing = 0;
		};
		1C65AD8D1F905886003FCBD5 /* Resources */ = {
			isa = PBXResourcesBuildPhase;
			buildActionMask = 2147483647;
			files = (
			);
			runOnlyForDeploymentPostprocessing = 0;
		};
/* End PBXResourcesBuildPhase section */

/* Begin PBXSourcesBuildPhase section */
		1C65AD6C1F905886003FCBD5 /* Sources */ = {
			isa = PBXSourcesBuildPhase;
			buildActionMask = 2147483647;
			files = (
				1C65AD761F905886003FCBD5 /* ViewController.swift in Sources */,
				1C65ADA81F906126003FCBD5 /* XBPageView.swift in Sources */,
				1C65ADAA1F906139003FCBD5 /* XBContentView.swift in Sources */,
				1C65ADA61F905BAB003FCBD5 /* XBStayle.swift in Sources */,
				1C65AD741F905886003FCBD5 /* AppDelegate.swift in Sources */,
				1C65ADA41F905B48003FCBD5 /* XBTitleView.swift in Sources */,
				1C65ADAC1F906FA4003FCBD5 /* ColorExtention.swift in Sources */,
			);
			runOnlyForDeploymentPostprocessing = 0;
		};
		1C65AD801F905886003FCBD5 /* Sources */ = {
			isa = PBXSourcesBuildPhase;
			buildActionMask = 2147483647;
			files = (
				1C65AD891F905886003FCBD5 /* XBPageViewTests.swift in Sources */,
			);
			runOnlyForDeploymentPostprocessing = 0;
		};
		1C65AD8B1F905886003FCBD5 /* Sources */ = {
			isa = PBXSourcesBuildPhase;
			buildActionMask = 2147483647;
			files = (
				1C65AD941F905886003FCBD5 /* XBPageViewUITests.swift in Sources */,
			);
			runOnlyForDeploymentPostprocessing = 0;
		};
/* End PBXSourcesBuildPhase section */

/* Begin PBXTargetDependency section */
		1C65AD861F905886003FCBD5 /* PBXTargetDependency */ = {
			isa = PBXTargetDependency;
			target = 1C65AD6F1F905886003FCBD5 /* XBPageView */;
			targetProxy = 1C65AD851F905886003FCBD5 /* PBXContainerItemProxy */;
		};
		1C65AD911F905886003FCBD5 /* PBXTargetDependency */ = {
			isa = PBXTargetDependency;
			target = 1C65AD6F1F905886003FCBD5 /* XBPageView */;
			targetProxy = 1C65AD901F905886003FCBD5 /* PBXContainerItemProxy */;
		};
/* End PBXTargetDependency section */

/* Begin PBXVariantGroup section */
		1C65AD771F905886003FCBD5 /* Main.storyboard */ = {
			isa = PBXVariantGroup;
			children = (
				1C65AD781F905886003FCBD5 /* Base */,
			);
			name = Main.storyboard;
			sourceTree = "<group>";
		};
		1C65AD7C1F905886003FCBD5 /* LaunchScreen.storyboard */ = {
			isa = PBXVariantGroup;
			children = (
				1C65AD7D1F905886003FCBD5 /* Base */,
			);
			name = LaunchScreen.storyboard;
			sourceTree = "<group>";
		};
/* End PBXVariantGroup section */

/* Begin XCBuildConfiguration section */
		1C65AD961F905886003FCBD5 /* Debug */ = {
			isa = XCBuildConfiguration;
			buildSettings = {
				ALWAYS_SEARCH_USER_PATHS = NO;
				CLANG_ANALYZER_NONNULL = YES;
				CLANG_ANALYZER_NUMBER_OBJECT_CONVERSION = YES_AGGRESSIVE;
				CLANG_CXX_LANGUAGE_STANDARD = "gnu++14";
				CLANG_CXX_LIBRARY = "libc++";
				CLANG_ENABLE_MODULES = YES;
				CLANG_ENABLE_OBJC_ARC = YES;
				CLANG_WARN_BLOCK_CAPTURE_AUTORELEASING = YES;
				CLANG_WARN_BOOL_CONVERSION = YES;
				CLANG_WARN_COMMA = YES;
				CLANG_WARN_CONSTANT_CONVERSION = YES;
				CLANG_WARN_DIRECT_OBJC_ISA_USAGE = YES_ERROR;
				CLANG_WARN_DOCUMENTATION_COMMENTS = YES;
				CLANG_WARN_EMPTY_BODY = YES;
				CLANG_WARN_ENUM_CONVERSION = YES;
				CLANG_WARN_INFINITE_RECURSION = YES;
				CLANG_WARN_INT_CONVERSION = YES;
				CLANG_WARN_NON_LITERAL_NULL_CONVERSION = YES;
				CLANG_WARN_OBJC_LITERAL_CONVERSION = YES;
				CLANG_WARN_OBJC_ROOT_CLASS = YES_ERROR;
				CLANG_WARN_RANGE_LOOP_ANALYSIS = YES;
				CLANG_WARN_STRICT_PROTOTYPES = YES;
				CLANG_WARN_SUSPICIOUS_MOVE = YES;
				CLANG_WARN_UNGUARDED_AVAILABILITY = YES_AGGRESSIVE;
				CLANG_WARN_UNREACHABLE_CODE = YES;
				CLANG_WARN__DUPLICATE_METHOD_MATCH = YES;
				CODE_SIGN_IDENTITY = "iPhone Developer";
				COPY_PHASE_STRIP = NO;
				DEBUG_INFORMATION_FORMAT = dwarf;
				ENABLE_STRICT_OBJC_MSGSEND = YES;
				ENABLE_TESTABILITY = YES;
				GCC_C_LANGUAGE_STANDARD = gnu11;
				GCC_DYNAMIC_NO_PIC = NO;
				GCC_NO_COMMON_BLOCKS = YES;
				GCC_OPTIMIZATION_LEVEL = 0;
				GCC_PREPROCESSOR_DEFINITIONS = (
					"DEBUG=1",
					"$(inherited)",
				);
				GCC_WARN_64_TO_32_BIT_CONVERSION = YES;
				GCC_WARN_ABOUT_RETURN_TYPE = YES_ERROR;
				GCC_WARN_UNDECLARED_SELECTOR = YES;
				GCC_WARN_UNINITIALIZED_AUTOS = YES_AGGRESSIVE;
				GCC_WARN_UNUSED_FUNCTION = YES;
				GCC_WARN_UNUSED_VARIABLE = YES;
				IPHONEOS_DEPLOYMENT_TARGET = 11.0;
				MTL_ENABLE_DEBUG_INFO = YES;
				ONLY_ACTIVE_ARCH = YES;
				SDKROOT = iphoneos;
				SWIFT_ACTIVE_COMPILATION_CONDITIONS = DEBUG;
				SWIFT_OPTIMIZATION_LEVEL = "-Onone";
			};
			name = Debug;
		};
		1C65AD971F905886003FCBD5 /* Release */ = {
			isa = XCBuildConfiguration;
			buildSettings = {
				ALWAYS_SEARCH_USER_PATHS = NO;
				CLANG_ANALYZER_NONNULL = YES;
				CLANG_ANALYZER_NUMBER_OBJECT_CONVERSION = YES_AGGRESSIVE;
				CLANG_CXX_LANGUAGE_STANDARD = "gnu++14";
				CLANG_CXX_LIBRARY = "libc++";
				CLANG_ENABLE_MODULES = YES;
				CLANG_ENABLE_OBJC_ARC = YES;
				CLANG_WARN_BLOCK_CAPTURE_AUTORELEASING = YES;
				CLANG_WARN_BOOL_CONVERSION = YES;
				CLANG_WARN_COMMA = YES;
				CLANG_WARN_CONSTANT_CONVERSION = YES;
				CLANG_WARN_DIRECT_OBJC_ISA_USAGE = YES_ERROR;
				CLANG_WARN_DOCUMENTATION_COMMENTS = YES;
				CLANG_WARN_EMPTY_BODY = YES;
				CLANG_WARN_ENUM_CONVERSION = YES;
				CLANG_WARN_INFINITE_RECURSION = YES;
				CLANG_WARN_INT_CONVERSION = YES;
				CLANG_WARN_NON_LITERAL_NULL_CONVERSION = YES;
				CLANG_WARN_OBJC_LITERAL_CONVERSION = YES;
				CLANG_WARN_OBJC_ROOT_CLASS = YES_ERROR;
				CLANG_WARN_RANGE_LOOP_ANALYSIS = YES;
				CLANG_WARN_STRICT_PROTOTYPES = YES;
				CLANG_WARN_SUSPICIOUS_MOVE = YES;
				CLANG_WARN_UNGUARDED_AVAILABILITY = YES_AGGRESSIVE;
				CLANG_WARN_UNREACHABLE_CODE = YES;
				CLANG_WARN__DUPLICATE_METHOD_MATCH = YES;
				CODE_SIGN_IDENTITY = "iPhone Developer";
				COPY_PHASE_STRIP = NO;
				DEBUG_INFORMATION_FORMAT = "dwarf-with-dsym";
				ENABLE_NS_ASSERTIONS = NO;
				ENABLE_STRICT_OBJC_MSGSEND = YES;
				GCC_C_LANGUAGE_STANDARD = gnu11;
				GCC_NO_COMMON_BLOCKS = YES;
				GCC_WARN_64_TO_32_BIT_CONVERSION = YES;
				GCC_WARN_ABOUT_RETURN_TYPE = YES_ERROR;
				GCC_WARN_UNDECLARED_SELECTOR = YES;
				GCC_WARN_UNINITIALIZED_AUTOS = YES_AGGRESSIVE;
				GCC_WARN_UNUSED_FUNCTION = YES;
				GCC_WARN_UNUSED_VARIABLE = YES;
				IPHONEOS_DEPLOYMENT_TARGET = 11.0;
				MTL_ENABLE_DEBUG_INFO = NO;
				SDKROOT = iphoneos;
				SWIFT_OPTIMIZATION_LEVEL = "-Owholemodule";
				VALIDATE_PRODUCT = YES;
			};
			name = Release;
		};
		1C65AD991F905886003FCBD5 /* Debug */ = {
			isa = XCBuildConfiguration;
			buildSettings = {
				ASSETCATALOG_COMPILER_APPICON_NAME = AppIcon;
				CODE_SIGN_STYLE = Automatic;
				DEVELOPMENT_TEAM = KLK8569D4P;
				INFOPLIST_FILE = XBPageView/Info.plist;
				LD_RUNPATH_SEARCH_PATHS = "$(inherited) @executable_path/Frameworks";
				PRODUCT_BUNDLE_IDENTIFIER = com.lianluohudong.XBPageView;
				PRODUCT_NAME = "$(TARGET_NAME)";
				SWIFT_VERSION = 4.0;
				TARGETED_DEVICE_FAMILY = "1,2";
			};
			name = Debug;
		};
		1C65AD9A1F905886003FCBD5 /* Release */ = {
			isa = XCBuildConfiguration;
			buildSettings = {
				ASSETCATALOG_COMPILER_APPICON_NAME = AppIcon;
				CODE_SIGN_STYLE = Automatic;
				DEVELOPMENT_TEAM = KLK8569D4P;
				INFOPLIST_FILE = XBPageView/Info.plist;
				LD_RUNPATH_SEARCH_PATHS = "$(inherited) @executable_path/Frameworks";
				PRODUCT_BUNDLE_IDENTIFIER = com.lianluohudong.XBPageView;
				PRODUCT_NAME = "$(TARGET_NAME)";
				SWIFT_VERSION = 4.0;
				TARGETED_DEVICE_FAMILY = "1,2";
			};
			name = Release;
		};
		1C65AD9C1F905886003FCBD5 /* Debug */ = {
			isa = XCBuildConfiguration;
			buildSettings = {
				ALWAYS_EMBED_SWIFT_STANDARD_LIBRARIES = YES;
				BUNDLE_LOADER = "$(TEST_HOST)";
				CODE_SIGN_STYLE = Automatic;
				DEVELOPMENT_TEAM = KLK8569D4P;
				INFOPLIST_FILE = XBPageViewTests/Info.plist;
				LD_RUNPATH_SEARCH_PATHS = "$(inherited) @executable_path/Frameworks @loader_path/Frameworks";
				PRODUCT_BUNDLE_IDENTIFIER = com.lianluohudong.XBPageViewTests;
				PRODUCT_NAME = "$(TARGET_NAME)";
				SWIFT_VERSION = 4.0;
				TARGETED_DEVICE_FAMILY = "1,2";
				TEST_HOST = "$(BUILT_PRODUCTS_DIR)/XBPageView.app/XBPageView";
			};
			name = Debug;
		};
		1C65AD9D1F905886003FCBD5 /* Release */ = {
			isa = XCBuildConfiguration;
			buildSettings = {
				ALWAYS_EMBED_SWIFT_STANDARD_LIBRARIES = YES;
				BUNDLE_LOADER = "$(TEST_HOST)";
				CODE_SIGN_STYLE = Automatic;
				DEVELOPMENT_TEAM = KLK8569D4P;
				INFOPLIST_FILE = XBPageViewTests/Info.plist;
				LD_RUNPATH_SEARCH_PATHS = "$(inherited) @executable_path/Frameworks @loader_path/Frameworks";
				PRODUCT_BUNDLE_IDENTIFIER = com.lianluohudong.XBPageViewTests;
				PRODUCT_NAME = "$(TARGET_NAME)";
				SWIFT_VERSION = 4.0;
				TARGETED_DEVICE_FAMILY = "1,2";
				TEST_HOST = "$(BUILT_PRODUCTS_DIR)/XBPageView.app/XBPageView";
			};
			name = Release;
		};
		1C65AD9F1F905886003FCBD5 /* Debug */ = {
			isa = XCBuildConfiguration;
			buildSettings = {
				ALWAYS_EMBED_SWIFT_STANDARD_LIBRARIES = YES;
				CODE_SIGN_STYLE = Automatic;
				DEVELOPMENT_TEAM = KLK8569D4P;
				INFOPLIST_FILE = XBPageViewUITests/Info.plist;
				LD_RUNPATH_SEARCH_PATHS = "$(inherited) @executable_path/Frameworks @loader_path/Frameworks";
				PRODUCT_BUNDLE_IDENTIFIER = com.lianluohudong.XBPageViewUITests;
				PRODUCT_NAME = "$(TARGET_NAME)";
				SWIFT_VERSION = 4.0;
				TARGETED_DEVICE_FAMILY = "1,2";
				TEST_TARGET_NAME = XBPageView;
			};
			name = Debug;
		};
		1C65ADA01F905886003FCBD5 /* Release */ = {
			isa = XCBuildConfiguration;
			buildSettings = {
				ALWAYS_EMBED_SWIFT_STANDARD_LIBRARIES = YES;
				CODE_SIGN_STYLE = Automatic;
				DEVELOPMENT_TEAM = KLK8569D4P;
				INFOPLIST_FILE = XBPageViewUITests/Info.plist;
				LD_RUNPATH_SEARCH_PATHS = "$(inherited) @executable_path/Frameworks @loader_path/Frameworks";
				PRODUCT_BUNDLE_IDENTIFIER = com.lianluohudong.XBPageViewUITests;
				PRODUCT_NAME = "$(TARGET_NAME)";
				SWIFT_VERSION = 4.0;
				TARGETED_DEVICE_FAMILY = "1,2";
				TEST_TARGET_NAME = XBPageView;
			};
			name = Release;
		};
/* End XCBuildConfiguration section */

/* Begin XCConfigurationList section */
		1C65AD6B1F905886003FCBD5 /* Build configuration list for PBXProject "XBPageView" */ = {
			isa = XCConfigurationList;
			buildConfigurations = (
				1C65AD961F905886003FCBD5 /* Debug */,
				1C65AD971F905886003FCBD5 /* Release */,
			);
			defaultConfigurationIsVisible = 0;
			defaultConfigurationName = Release;
		};
		1C65AD981F905886003FCBD5 /* Build configuration list for PBXNativeTarget "XBPageView" */ = {
			isa = XCConfigurationList;
			buildConfigurations = (
				1C65AD991F905886003FCBD5 /* Debug */,
				1C65AD9A1F905886003FCBD5 /* Release */,
			);
			defaultConfigurationIsVisible = 0;
			defaultConfigurationName = Release;
		};
		1C65AD9B1F905886003FCBD5 /* Build configuration list for PBXNativeTarget "XBPageViewTests" */ = {
			isa = XCConfigurationList;
			buildConfigurations = (
				1C65AD9C1F905886003FCBD5 /* Debug */,
				1C65AD9D1F905886003FCBD5 /* Release */,
			);
			defaultConfigurationIsVisible = 0;
			defaultConfigurationName = Release;
		};
		1C65AD9E1F905886003FCBD5 /* Build configuration list for PBXNativeTarget "XBPageViewUITests" */ = {
			isa = XCConfigurationList;
			buildConfigurations = (
				1C65AD9F1F905886003FCBD5 /* Debug */,
				1C65ADA01F905886003FCBD5 /* Release */,
			);
			defaultConfigurationIsVisible = 0;
			defaultConfigurationName = Release;
		};
/* End XCConfigurationList section */
	};
	rootObject = 1C65AD681F905886003FCBD5 /* Project object */;
}
